// !$*UTF8*$!
{
	archiveVersion = 1;
	classes = {
	};
	objectVersion = 77;
	objects = {

/* Begin PBXBuildFile section */
		65DFADD02EA8657800B68AF2 /* FirebaseAuth in Frameworks */ = {isa = PBXBuildFile; productRef = 65DFADC32EA8650200B68AF2 /* FirebaseAuth */; };
		65DFADD12EA8657800B68AF2 /* FirebaseFirestore in Frameworks */ = {isa = PBXBuildFile; productRef = 65DFADC42EA8650300B68AF2 /* FirebaseFirestore */; };
		65DFADD22EA8657800B68AF2 /* FirebaseMessaging in Frameworks */ = {isa = PBXBuildFile; productRef = 65DFADC52EA8650400B68AF2 /* FirebaseMessaging */; };
		65DFADD32EA8657800B68AF2 /* FirebaseStorage in Frameworks */ = {isa = PBXBuildFile; productRef = 65DFADC62EA8650500B68AF2 /* FirebaseStorage */; };
		65DFADD42EA8657800B68AF2 /* FirebaseAnalytics in Frameworks */ = {isa = PBXBuildFile; productRef = 65DFADC72EA8650600B68AF2 /* FirebaseAnalytics */; };
		65DFADD52EA8657800B68AF2 /* FirebaseCrashlytics in Frameworks */ = {isa = PBXBuildFile; productRef = 65DFADC82EA8650700B68AF2 /* FirebaseCrashlytics */; };
		65DFADD62EA8657800B68AF2 /* Kingfisher in Frameworks */ = {isa = PBXBuildFile; productRef = 65DFADC92EA8650800B68AF2 /* Kingfisher */; };
/* End PBXBuildFile section */

/* Begin PBXFileReference section */
		65DFAD8C2EA8620A00B68AF2 /* buzzbox.app */ = {isa = PBXFileReference; explicitFileType = wrapper.application; includeInIndex = 0; path = buzzbox.app; sourceTree = BUILT_PRODUCTS_DIR; };
		65DFAE682EA86B7500B68AF2 /* GoogleService-Info.plist */ = {isa = PBXFileReference; lastKnownFileType = text.plist.xml; path = "GoogleService-Info.plist"; sourceTree = "<group>"; };
/* End PBXFileReference section */

/* Begin PBXFileSystemSynchronizedRootGroup section */
		65DFAD8E2EA8620A00B68AF2 /* buzzbox */ = {
			isa = PBXFileSystemSynchronizedRootGroup;
			path = buzzbox;
			sourceTree = "<group>";
		};
/* End PBXFileSystemSynchronizedRootGroup section */

/* Begin PBXFrameworksBuildPhase section */
		65DFAD892EA8620A00B68AF2 /* Frameworks */ = {
			isa = PBXFrameworksBuildPhase;
			buildActionMask = 2147483647;
			files = (
				65DFADD62EA8657800B68AF2 /* Kingfisher in Frameworks */,
				65DFADD52EA8657800B68AF2 /* FirebaseCrashlytics in Frameworks */,
				65DFADD42EA8657800B68AF2 /* FirebaseAnalytics in Frameworks */,
				65DFADD32EA8657800B68AF2 /* FirebaseStorage in Frameworks */,
				65DFADD22EA8657800B68AF2 /* FirebaseMessaging in Frameworks */,
				65DFADD12EA8657800B68AF2 /* FirebaseFirestore in Frameworks */,
				65DFADD02EA8657800B68AF2 /* FirebaseAuth in Frameworks */,
			);
			runOnlyForDeploymentPostprocessing = 0;
		};
/* End PBXFrameworksBuildPhase section */

/* Begin PBXGroup section */
		65DFAD832EA8620A00B68AF2 = {
			isa = PBXGroup;
			children = (
				65DFAD8E2EA8620A00B68AF2 /* buzzbox */,
				65DFAD8D2EA8620A00B68AF2 /* Products */,
				65DFAE682EA86B7500B68AF2 /* GoogleService-Info.plist */,
			);
			sourceTree = "<group>";
		};
		65DFAD8D2EA8620A00B68AF2 /* Products */ = {
			isa = PBXGroup;
			children = (
				65DFAD8C2EA8620A00B68AF2 /* buzzbox.app */,
			);
			name = Products;
			sourceTree = "<group>";
		};
/* End PBXGroup section */

/* Begin PBXNativeTarget section */
		65DFAD8B2EA8620A00B68AF2 /* buzzbox */ = {
			isa = PBXNativeTarget;
			buildConfigurationList = 65DFAD992EA8620B00B68AF2 /* Build configuration list for PBXNativeTarget "buzzbox" */;
			buildPhases = (
				65DFAD882EA8620A00B68AF2 /* Sources */,
				65DFAD892EA8620A00B68AF2 /* Frameworks */,
				65DFAD8A2EA8620A00B68AF2 /* Resources */,
			);
			buildRules = (
			);
			dependencies = (
			);
			fileSystemSynchronizedGroups = (
				65DFAD8E2EA8620A00B68AF2 /* buzzbox */,
			);
			name = buzzbox;
			packageProductDependencies = (
				65DFADC32EA8650200B68AF2 /* FirebaseAuth */,
				65DFADC42EA8650300B68AF2 /* FirebaseFirestore */,
				65DFADC52EA8650400B68AF2 /* FirebaseMessaging */,
				65DFADC62EA8650500B68AF2 /* FirebaseStorage */,
				65DFADC72EA8650600B68AF2 /* FirebaseAnalytics */,
				65DFADC82EA8650700B68AF2 /* FirebaseCrashlytics */,
				65DFADC92EA8650800B68AF2 /* Kingfisher */,
			);
			productName = buzzbox;
			productReference = 65DFAD8C2EA8620A00B68AF2 /* buzzbox.app */;
			productType = "com.apple.product-type.application";
		};
/* End PBXNativeTarget section */

/* Begin PBXProject section */
		65DFAD842EA8620A00B68AF2 /* Project object */ = {
			isa = PBXProject;
			attributes = {
				BuildIndependentTargetsInParallel = 1;
				LastSwiftUpdateCheck = 2600;
				LastUpgradeCheck = 2600;
				TargetAttributes = {
					65DFAD8B2EA8620A00B68AF2 = {
						CreatedOnToolsVersion = 26.0.1;
					};
				};
			};
			buildConfigurationList = 65DFAD872EA8620A00B68AF2 /* Build configuration list for PBXProject "buzzbox" */;
			developmentRegion = en;
			hasScannedForEncodings = 0;
			knownRegions = (
				en,
				Base,
			);
			mainGroup = 65DFAD832EA8620A00B68AF2;
			minimizedProjectReferenceProxies = 1;
			packageReferences = (
				65DFADC12EA8650000B68AF2 /* XCRemoteSwiftPackageReference "firebase-ios-sdk" */,
				65DFADC22EA8650100B68AF2 /* XCRemoteSwiftPackageReference "Kingfisher" */,
			);
			preferredProjectObjectVersion = 77;
			productRefGroup = 65DFAD8D2EA8620A00B68AF2 /* Products */;
			projectDirPath = "";
			projectRoot = "";
			targets = (
				65DFAD8B2EA8620A00B68AF2 /* buzzbox */,
			);
		};
/* End PBXProject section */

/* Begin PBXResourcesBuildPhase section */
		65DFAD8A2EA8620A00B68AF2 /* Resources */ = {
			isa = PBXResourcesBuildPhase;
			buildActionMask = 2147483647;
			files = (
			);
			runOnlyForDeploymentPostprocessing = 0;
		};
/* End PBXResourcesBuildPhase section */

/* Begin PBXSourcesBuildPhase section */
		65DFAD882EA8620A00B68AF2 /* Sources */ = {
			isa = PBXSourcesBuildPhase;
			buildActionMask = 2147483647;
			files = (
			);
			runOnlyForDeploymentPostprocessing = 0;
		};
/* End PBXSourcesBuildPhase section */

/* Begin XCBuildConfiguration section */
		65DFAD972EA8620B00B68AF2 /* Debug */ = {
			isa = XCBuildConfiguration;
			buildSettings = {
				ALWAYS_SEARCH_USER_PATHS = NO;
				ASSETCATALOG_COMPILER_GENERATE_SWIFT_ASSET_SYMBOL_EXTENSIONS = YES;
				CLANG_ANALYZER_NONNULL = YES;
				CLANG_ANALYZER_NUMBER_OBJECT_CONVERSION = YES_AGGRESSIVE;
				CLANG_CXX_LANGUAGE_STANDARD = "gnu++20";
				CLANG_ENABLE_MODULES = YES;
				CLANG_ENABLE_OBJC_ARC = YES;
				CLANG_ENABLE_OBJC_WEAK = YES;
				CLANG_WARN_BLOCK_CAPTURE_AUTORELEASING = YES;
				CLANG_WARN_BOOL_CONVERSION = YES;
				CLANG_WARN_COMMA = YES;
				CLANG_WARN_CONSTANT_CONVERSION = YES;
				CLANG_WARN_DEPRECATED_OBJC_IMPLEMENTATIONS = YES;
				CLANG_WARN_DIRECT_OBJC_ISA_USAGE = YES_ERROR;
				CLANG_WARN_DOCUMENTATION_COMMENTS = YES;
				CLANG_WARN_EMPTY_BODY = YES;
				CLANG_WARN_ENUM_CONVERSION = YES;
				CLANG_WARN_INFINITE_RECURSION = YES;
				CLANG_WARN_INT_CONVERSION = YES;
				CLANG_WARN_NON_LITERAL_NULL_CONVERSION = YES;
				CLANG_WARN_OBJC_IMPLICIT_RETAIN_SELF = YES;
				CLANG_WARN_OBJC_LITERAL_CONVERSION = YES;
				CLANG_WARN_OBJC_ROOT_CLASS = YES_ERROR;
				CLANG_WARN_QUOTED_INCLUDE_IN_FRAMEWORK_HEADER = YES;
				CLANG_WARN_RANGE_LOOP_ANALYSIS = YES;
				CLANG_WARN_STRICT_PROTOTYPES = YES;
				CLANG_WARN_SUSPICIOUS_MOVE = YES;
				CLANG_WARN_UNGUARDED_AVAILABILITY = YES_AGGRESSIVE;
				CLANG_WARN_UNREACHABLE_CODE = YES;
				CLANG_WARN__DUPLICATE_METHOD_MATCH = YES;
				COPY_PHASE_STRIP = NO;
				DEBUG_INFORMATION_FORMAT = dwarf;
				DEVELOPMENT_TEAM = H8R6C22KR8;
				ENABLE_STRICT_OBJC_MSGSEND = YES;
				ENABLE_TESTABILITY = YES;
				ENABLE_USER_SCRIPT_SANDBOXING = YES;
				GCC_C_LANGUAGE_STANDARD = gnu17;
				GCC_DYNAMIC_NO_PIC = NO;
				GCC_NO_COMMON_BLOCKS = YES;
				GCC_OPTIMIZATION_LEVEL = 0;
				GCC_PREPROCESSOR_DEFINITIONS = (
					"DEBUG=1",
					"$(inherited)",
				);
				GCC_WARN_64_TO_32_BIT_CONVERSION = YES;
				GCC_WARN_ABOUT_RETURN_TYPE = YES_ERROR;
				GCC_WARN_UNDECLARED_SELECTOR = YES;
				GCC_WARN_UNINITIALIZED_AUTOS = YES_AGGRESSIVE;
				GCC_WARN_UNUSED_FUNCTION = YES;
				GCC_WARN_UNUSED_VARIABLE = YES;
				IPHONEOS_DEPLOYMENT_TARGET = 17.0;
				LOCALIZATION_PREFERS_STRING_CATALOGS = YES;
				MTL_ENABLE_DEBUG_INFO = INCLUDE_SOURCE;
				MTL_FAST_MATH = YES;
				ONLY_ACTIVE_ARCH = YES;
				SDKROOT = iphoneos;
				SWIFT_ACTIVE_COMPILATION_CONDITIONS = "DEBUG $(inherited)";
				SWIFT_OPTIMIZATION_LEVEL = "-Onone";
				SWIFT_STRICT_CONCURRENCY = complete;
			};
			name = Debug;
		};
		65DFAD982EA8620B00B68AF2 /* Release */ = {
			isa = XCBuildConfiguration;
			buildSettings = {
				ALWAYS_SEARCH_USER_PATHS = NO;
				ASSETCATALOG_COMPILER_GENERATE_SWIFT_ASSET_SYMBOL_EXTENSIONS = YES;
				CLANG_ANALYZER_NONNULL = YES;
				CLANG_ANALYZER_NUMBER_OBJECT_CONVERSION = YES_AGGRESSIVE;
				CLANG_CXX_LANGUAGE_STANDARD = "gnu++20";
				CLANG_ENABLE_MODULES = YES;
				CLANG_ENABLE_OBJC_ARC = YES;
				CLANG_ENABLE_OBJC_WEAK = YES;
				CLANG_WARN_BLOCK_CAPTURE_AUTORELEASING = YES;
				CLANG_WARN_BOOL_CONVERSION = YES;
				CLANG_WARN_COMMA = YES;
				CLANG_WARN_CONSTANT_CONVERSION = YES;
				CLANG_WARN_DEPRECATED_OBJC_IMPLEMENTATIONS = YES;
				CLANG_WARN_DIRECT_OBJC_ISA_USAGE = YES_ERROR;
				CLANG_WARN_DOCUMENTATION_COMMENTS = YES;
				CLANG_WARN_EMPTY_BODY = YES;
				CLANG_WARN_ENUM_CONVERSION = YES;
				CLANG_WARN_INFINITE_RECURSION = YES;
				CLANG_WARN_INT_CONVERSION = YES;
				CLANG_WARN_NON_LITERAL_NULL_CONVERSION = YES;
				CLANG_WARN_OBJC_IMPLICIT_RETAIN_SELF = YES;
				CLANG_WARN_OBJC_LITERAL_CONVERSION = YES;
				CLANG_WARN_OBJC_ROOT_CLASS = YES_ERROR;
				CLANG_WARN_QUOTED_INCLUDE_IN_FRAMEWORK_HEADER = YES;
				CLANG_WARN_RANGE_LOOP_ANALYSIS = YES;
				CLANG_WARN_STRICT_PROTOTYPES = YES;
				CLANG_WARN_SUSPICIOUS_MOVE = YES;
				CLANG_WARN_UNGUARDED_AVAILABILITY = YES_AGGRESSIVE;
				CLANG_WARN_UNREACHABLE_CODE = YES;
				CLANG_WARN__DUPLICATE_METHOD_MATCH = YES;
				COPY_PHASE_STRIP = NO;
				DEBUG_INFORMATION_FORMAT = "dwarf-with-dsym";
				DEVELOPMENT_TEAM = H8R6C22KR8;
				ENABLE_NS_ASSERTIONS = NO;
				ENABLE_STRICT_OBJC_MSGSEND = YES;
				ENABLE_USER_SCRIPT_SANDBOXING = YES;
				GCC_C_LANGUAGE_STANDARD = gnu17;
				GCC_NO_COMMON_BLOCKS = YES;
				GCC_WARN_64_TO_32_BIT_CONVERSION = YES;
				GCC_WARN_ABOUT_RETURN_TYPE = YES_ERROR;
				GCC_WARN_UNDECLARED_SELECTOR = YES;
				GCC_WARN_UNINITIALIZED_AUTOS = YES_AGGRESSIVE;
				GCC_WARN_UNUSED_FUNCTION = YES;
				GCC_WARN_UNUSED_VARIABLE = YES;
				IPHONEOS_DEPLOYMENT_TARGET = 17.0;
				LOCALIZATION_PREFERS_STRING_CATALOGS = YES;
				MTL_ENABLE_DEBUG_INFO = NO;
				MTL_FAST_MATH = YES;
				SDKROOT = iphoneos;
				SWIFT_COMPILATION_MODE = wholemodule;
				SWIFT_STRICT_CONCURRENCY = complete;
				VALIDATE_PRODUCT = YES;
			};
			name = Release;
		};
		65DFAD9A2EA8620B00B68AF2 /* Debug */ = {
			isa = XCBuildConfiguration;
			buildSettings = {
				ASSETCATALOG_COMPILER_APPICON_NAME = AppIcon;
				ASSETCATALOG_COMPILER_GLOBAL_ACCENT_COLOR_NAME = AccentColor;
				CODE_SIGN_ENTITLEMENTS = buzzbox/buzzbox.entitlements;
				CODE_SIGN_STYLE = Automatic;
				CURRENT_PROJECT_VERSION = 1;
				DEVELOPMENT_TEAM = H8R6C22KR8;
				ENABLE_PREVIEWS = YES;
				GENERATE_INFOPLIST_FILE = YES;
				INFOPLIST_KEY_NSCameraUsageDescription = "Buzzbox needs camera access to take profile pictures and send photos in messages.";
				INFOPLIST_KEY_NSPhotoLibraryUsageDescription = "Buzzbox needs photo library access to select and share images in conversations.";
				INFOPLIST_KEY_NSUserNotificationsUsageDescription = "Buzzbox sends you notifications for new messages and conversation updates.";
				INFOPLIST_KEY_UIApplicationSceneManifest_Generation = YES;
				INFOPLIST_KEY_UIApplicationSupportsIndirectInputEvents = YES;
				INFOPLIST_KEY_UILaunchScreen_Generation = YES;
				INFOPLIST_KEY_UISupportedInterfaceOrientations_iPad = "UIInterfaceOrientationPortrait UIInterfaceOrientationPortraitUpsideDown UIInterfaceOrientationLandscapeLeft UIInterfaceOrientationLandscapeRight";
				INFOPLIST_KEY_UISupportedInterfaceOrientations_iPhone = "UIInterfaceOrientationPortrait UIInterfaceOrientationLandscapeLeft UIInterfaceOrientationLandscapeRight";
				LD_RUNPATH_SEARCH_PATHS = (
					"$(inherited)",
					"@executable_path/Frameworks",
				);
				MARKETING_VERSION = 1.0;
				PRODUCT_BUNDLE_IDENTIFIER = com.theheimlife.buzzbox;
				PRODUCT_NAME = "$(TARGET_NAME)";
				STRING_CATALOG_GENERATE_SYMBOLS = YES;
				SWIFT_APPROACHABLE_CONCURRENCY = YES;
				SWIFT_DEFAULT_ACTOR_ISOLATION = MainActor;
				SWIFT_EMIT_LOC_STRINGS = YES;
				SWIFT_UPCOMING_FEATURE_MEMBER_IMPORT_VISIBILITY = YES;
				SWIFT_VERSION = 6.0;
				TARGETED_DEVICE_FAMILY = "1,2";
			};
			name = Debug;
		};
		65DFAD9B2EA8620B00B68AF2 /* Release */ = {
			isa = XCBuildConfiguration;
			buildSettings = {
				ASSETCATALOG_COMPILER_APPICON_NAME = AppIcon;
				ASSETCATALOG_COMPILER_GLOBAL_ACCENT_COLOR_NAME = AccentColor;
				CODE_SIGN_ENTITLEMENTS = buzzbox/buzzbox.entitlements;
				CODE_SIGN_STYLE = Automatic;
				CURRENT_PROJECT_VERSION = 1;
				DEVELOPMENT_TEAM = H8R6C22KR8;
				ENABLE_PREVIEWS = YES;
				GENERATE_INFOPLIST_FILE = YES;
				INFOPLIST_KEY_NSCameraUsageDescription = "Buzzbox needs camera access to take profile pictures and send photos in messages.";
				INFOPLIST_KEY_NSPhotoLibraryUsageDescription = "Buzzbox needs photo library access to select and share images in conversations.";
				INFOPLIST_KEY_NSUserNotificationsUsageDescription = "Buzzbox sends you notifications for new messages and conversation updates.";
				INFOPLIST_KEY_UIApplicationSceneManifest_Generation = YES;
				INFOPLIST_KEY_UIApplicationSupportsIndirectInputEvents = YES;
				INFOPLIST_KEY_UILaunchScreen_Generation = YES;
				INFOPLIST_KEY_UISupportedInterfaceOrientations_iPad = "UIInterfaceOrientationPortrait UIInterfaceOrientationPortraitUpsideDown UIInterfaceOrientationLandscapeLeft UIInterfaceOrientationLandscapeRight";
				INFOPLIST_KEY_UISupportedInterfaceOrientations_iPhone = "UIInterfaceOrientationPortrait UIInterfaceOrientationLandscapeLeft UIInterfaceOrientationLandscapeRight";
				LD_RUNPATH_SEARCH_PATHS = (
					"$(inherited)",
					"@executable_path/Frameworks",
				);
				MARKETING_VERSION = 1.0;
				PRODUCT_BUNDLE_IDENTIFIER = com.theheimlife.buzzbox;
				PRODUCT_NAME = "$(TARGET_NAME)";
				STRING_CATALOG_GENERATE_SYMBOLS = YES;
				SWIFT_APPROACHABLE_CONCURRENCY = YES;
				SWIFT_DEFAULT_ACTOR_ISOLATION = MainActor;
				SWIFT_EMIT_LOC_STRINGS = YES;
				SWIFT_UPCOMING_FEATURE_MEMBER_IMPORT_VISIBILITY = YES;
				SWIFT_VERSION = 6.0;
				TARGETED_DEVICE_FAMILY = "1,2";
			};
			name = Release;
		};
/* End XCBuildConfiguration section */

/* Begin XCConfigurationList section */
		65DFAD872EA8620A00B68AF2 /* Build configuration list for PBXProject "buzzbox" */ = {
			isa = XCConfigurationList;
			buildConfigurations = (
				65DFAD972EA8620B00B68AF2 /* Debug */,
				65DFAD982EA8620B00B68AF2 /* Release */,
			);
			defaultConfigurationIsVisible = 0;
			defaultConfigurationName = Release;
		};
		65DFAD992EA8620B00B68AF2 /* Build configuration list for PBXNativeTarget "buzzbox" */ = {
			isa = XCConfigurationList;
			buildConfigurations = (
				65DFAD9A2EA8620B00B68AF2 /* Debug */,
				65DFAD9B2EA8620B00B68AF2 /* Release */,
			);
			defaultConfigurationIsVisible = 0;
			defaultConfigurationName = Release;
		};
/* End XCConfigurationList section */

/* Begin XCRemoteSwiftPackageReference section */
		65DFADC12EA8650000B68AF2 /* XCRemoteSwiftPackageReference "firebase-ios-sdk" */ = {
			isa = XCRemoteSwiftPackageReference;
			repositoryURL = "https://github.com/firebase/firebase-ios-sdk";
			requirement = {
				kind = upToNextMajorVersion;
				minimumVersion = 10.20.0;
			};
		};
		65DFADC22EA8650100B68AF2 /* XCRemoteSwiftPackageReference "Kingfisher" */ = {
			isa = XCRemoteSwiftPackageReference;
			repositoryURL = "https://github.com/onevcat/Kingfisher";
			requirement = {
				kind = upToNextMajorVersion;
				minimumVersion = 7.10.0;
			};
		};
/* End XCRemoteSwiftPackageReference section */

/* Begin XCSwiftPackageProductDependency section */
		65DFADC32EA8650200B68AF2 /* FirebaseAuth */ = {
			isa = XCSwiftPackageProductDependency;
			package = 65DFADC12EA8650000B68AF2 /* XCRemoteSwiftPackageReference "firebase-ios-sdk" */;
			productName = FirebaseAuth;
		};
		65DFADC42EA8650300B68AF2 /* FirebaseFirestore */ = {
			isa = XCSwiftPackageProductDependency;
			package = 65DFADC12EA8650000B68AF2 /* XCRemoteSwiftPackageReference "firebase-ios-sdk" */;
			productName = FirebaseFirestore;
		};
		65DFADC52EA8650400B68AF2 /* FirebaseMessaging */ = {
			isa = XCSwiftPackageProductDependency;
			package = 65DFADC12EA8650000B68AF2 /* XCRemoteSwiftPackageReference "firebase-ios-sdk" */;
			productName = FirebaseMessaging;
		};
		65DFADC62EA8650500B68AF2 /* FirebaseStorage */ = {
			isa = XCSwiftPackageProductDependency;
			package = 65DFADC12EA8650000B68AF2 /* XCRemoteSwiftPackageReference "firebase-ios-sdk" */;
			productName = FirebaseStorage;
		};
		65DFADC72EA8650600B68AF2 /* FirebaseAnalytics */ = {
			isa = XCSwiftPackageProductDependency;
			package = 65DFADC12EA8650000B68AF2 /* XCRemoteSwiftPackageReference "firebase-ios-sdk" */;
			productName = FirebaseAnalytics;
		};
		65DFADC82EA8650700B68AF2 /* FirebaseCrashlytics */ = {
			isa = XCSwiftPackageProductDependency;
			package = 65DFADC12EA8650000B68AF2 /* XCRemoteSwiftPackageReference "firebase-ios-sdk" */;
			productName = FirebaseCrashlytics;
		};
		65DFADC92EA8650800B68AF2 /* Kingfisher */ = {
			isa = XCSwiftPackageProductDependency;
			package = 65DFADC22EA8650100B68AF2 /* XCRemoteSwiftPackageReference "Kingfisher" */;
			productName = Kingfisher;
		};
/* End XCSwiftPackageProductDependency section */
	};
	rootObject = 65DFAD842EA8620A00B68AF2 /* Project object */;
}
